github.com/Rotfuchs-von-Vulpes/cimgui-go v1.5.2 h1:wBvLTDadGNqOnJZmjF6griFtWz+YMiOmbe8vbnAa2Jk=
github.com/Rotfuchs-von-Vulpes/cimgui-go v1.5.2/go.mod h1:gz4dVFwmfoyUkBgVzBhiCJj1JXXWISQa8SQ190MlouY=
github.com/go-gl/gl v0.0.0-20231021071112-07e5d0ea2e71 h1:5BVwOaUSBTlVZowGO6VZGw2H/zl9nrd3eCZfYV+NfQA=
github.com/go-gl/gl v0.0.0-20231021071112-07e5d0ea2e71/go.mod h1:9YTyiznxEY1fVinfM7RvRcjRHbw2xLBJ3AAGIT0I4Nw=
